
Microsoft Visual Studio Solution File, Format Version 12.00
# Visual Studio Version 16
VisualStudioVersion = 16.0.31424.327
MinimumVisualStudioVersion = 10.0.40219.1
Project("{FAE04EC0-301F-11D3-BF4B-00C04F79EFBC}") = "AssignmentAPP", "AssignmentAPP\AssignmentAPP.csproj", "{5F0BDCFF-E85E-4D9A-9442-1B6EFBF642BC}"
EndProject
Project("{FAE04EC0-301F-11D3-BF4B-00C04F79EFBC}") = "BEL", "BEL\BEL.csproj", "{0F5DB500-2F0D-4C48-9166-8670DF76AC0B}"
EndProject
Project("{FAE04EC0-301F-11D3-BF4B-00C04F79EFBC}") = "BLL", "BLL\BLL.csproj", "{E5C7E578-552A-4E15-BA19-2F8B4116FC51}"
EndProject
Project("{FAE04EC0-301F-11D3-BF4B-00C04F79EFBC}") = "DAL", "DAL\DAL.csproj", "{B64CF4C6-39DF-4E0E-A5A2-8920451D50B0}"
EndProject
Global
	GlobalSection(SolutionConfigurationPlatforms) = preSolution
		Debug|Any CPU = Debug|Any CPU
		Release|Any CPU = Release|Any CPU
	EndGlobalSection
	GlobalSection(ProjectConfigurationPlatforms) = postSolution
		{5F0BDCFF-E85E-4D9A-9442-1B6EFBF642BC}.Debug|Any CPU.ActiveCfg = Debug|Any CPU
		{5F0BDCFF-E85E-4D9A-9442-1B6EFBF642BC}.Debug|Any CPU.Build.0 = Debug|Any CPU
		{5F0BDCFF-E85E-4D9A-9442-1B6EFBF642BC}.Release|Any CPU.ActiveCfg = Release|Any CPU
		{5F0BDCFF-E85E-4D9A-9442-1B6EFBF642BC}.Release|Any CPU.Build.0 = Release|Any CPU
		{0F5DB500-2F0D-4C48-9166-8670DF76AC0B}.Debug|Any CPU.ActiveCfg = Debug|Any CPU
		{0F5DB500-2F0D-4C48-9166-8670DF76AC0B}.Debug|Any CPU.Build.0 = Debug|Any CPU
		{0F5DB500-2F0D-4C48-9166-8670DF76AC0B}.Release|Any CPU.ActiveCfg = Release|Any CPU
		{0F5DB500-2F0D-4C48-9166-8670DF76AC0B}.Release|Any CPU.Build.0 = Release|Any CPU
		{E5C7E578-552A-4E15-BA19-2F8B4116FC51}.Debug|Any CPU.ActiveCfg = Debug|Any CPU
		{E5C7E578-552A-4E15-BA19-2F8B4116FC51}.Debug|Any CPU.Build.0 = Debug|Any CPU
		{E5C7E578-552A-4E15-BA19-2F8B4116FC51}.Release|Any CPU.ActiveCfg = Release|Any CPU
		{E5C7E578-552A-4E15-BA19-2F8B4116FC51}.Release|Any CPU.Build.0 = Release|Any CPU
		{B64CF4C6-39DF-4E0E-A5A2-8920451D50B0}.Debug|Any CPU.ActiveCfg = Debug|Any CPU
		{B64CF4C6-39DF-4E0E-A5A2-8920451D50B0}.Debug|Any CPU.Build.0 = Debug|Any CPU
		{B64CF4C6-39DF-4E0E-A5A2-8920451D50B0}.Release|Any CPU.ActiveCfg = Release|Any CPU
		{B64CF4C6-39DF-4E0E-A5A2-8920451D50B0}.Release|Any CPU.Build.0 = Release|Any CPU
	EndGlobalSection
	GlobalSection(SolutionProperties) = preSolution
		HideSolutionNode = FALSE
	EndGlobalSection
	GlobalSection(ExtensibilityGlobals) = postSolution
		SolutionGuid = {1CA6B15B-D4AD-4FE0-AB13-E02F69E5E287}
	EndGlobalSection
EndGlobal
