
Microsoft Visual Studio Solution File, Format Version 12.00
# Visual Studio Version 16
VisualStudioVersion = 16.0.29728.190
MinimumVisualStudioVersion = 10.0.40219.1
Project("{FAE04EC0-301F-11D3-BF4B-00C04F79EFBC}") = "labtask1", "labtask1\labtask1.csproj", "{4CF1841F-1FFA-4AC7-AAAB-5CA890EF00B9}"
EndProject
Global
	GlobalSection(SolutionConfigurationPlatforms) = preSolution
		Debug|Any CPU = Debug|Any CPU
		Release|Any CPU = Release|Any CPU
	EndGlobalSection
	GlobalSection(ProjectConfigurationPlatforms) = postSolution
		{4CF1841F-1FFA-4AC7-AAAB-5CA890EF00B9}.Debug|Any CPU.ActiveCfg = Debug|Any CPU
		{4CF1841F-1FFA-4AC7-AAAB-5CA890EF00B9}.Debug|Any CPU.Build.0 = Debug|Any CPU
		{4CF1841F-1FFA-4AC7-AAAB-5CA890EF00B9}.Release|Any CPU.ActiveCfg = Release|Any CPU
		{4CF1841F-1FFA-4AC7-AAAB-5CA890EF00B9}.Release|Any CPU.Build.0 = Release|Any CPU
	EndGlobalSection
	GlobalSection(SolutionProperties) = preSolution
		HideSolutionNode = FALSE
	EndGlobalSection
	GlobalSection(ExtensibilityGlobals) = postSolution
		SolutionGuid = {632B746B-0C3C-451F-ABE0-93A9F75EC1F3}
	EndGlobalSection
EndGlobal
